
Microsoft Visual Studio Solution File, Format Version 12.00
# Visual Studio 15
VisualStudioVersion = 15.0.26730.12
MinimumVisualStudioVersion = 10.0.40219.1
Project("{FAE04EC0-301F-11D3-BF4B-00C04F79EFBC}") = "hashes-readonly-bytes", "hashes-readonly-bytes.csproj", "{7972F620-5846-42A6-AC4C-EDE3FB4C5940}"
EndProject
Global
	GlobalSection(SolutionConfigurationPlatforms) = preSolution
		Debug|Any CPU = Debug|Any CPU
		Release|Any CPU = Release|Any CPU
	EndGlobalSection
	GlobalSection(ProjectConfigurationPlatforms) = postSolution
		{7972F620-5846-42A6-AC4C-EDE3FB4C5940}.Debug|Any CPU.ActiveCfg = Debug|Any CPU
		{7972F620-5846-42A6-AC4C-EDE3FB4C5940}.Debug|Any CPU.Build.0 = Debug|Any CPU
		{7972F620-5846-42A6-AC4C-EDE3FB4C5940}.Release|Any CPU.ActiveCfg = Release|Any CPU
		{7972F620-5846-42A6-AC4C-EDE3FB4C5940}.Release|Any CPU.Build.0 = Release|Any CPU
	EndGlobalSection
	GlobalSection(SolutionProperties) = preSolution
		HideSolutionNode = FALSE
	EndGlobalSection
	GlobalSection(ExtensibilityGlobals) = postSolution
		SolutionGuid = {C218F162-143E-4DD1-97FE-2F793246369A}
	EndGlobalSection
EndGlobal
