
Microsoft Visual Studio Solution File, Format Version 12.00
# Visual Studio 15
VisualStudioVersion = 15.0.26730.10
MinimumVisualStudioVersion = 10.0.40219.1
Project("{FAE04EC0-301F-11D3-BF4B-00C04F79EFBC}") = "ConsoleApp3", "ConsoleApp3\ConsoleApp3.csproj", "{CB9D53B6-6B88-4AD7-B3AA-A8536860A7F0}"
EndProject
Global
	GlobalSection(SolutionConfigurationPlatforms) = preSolution
		Debug|Any CPU = Debug|Any CPU
		Release|Any CPU = Release|Any CPU
	EndGlobalSection
	GlobalSection(ProjectConfigurationPlatforms) = postSolution
		{CB9D53B6-6B88-4AD7-B3AA-A8536860A7F0}.Debug|Any CPU.ActiveCfg = Debug|Any CPU
		{CB9D53B6-6B88-4AD7-B3AA-A8536860A7F0}.Debug|Any CPU.Build.0 = Debug|Any CPU
		{CB9D53B6-6B88-4AD7-B3AA-A8536860A7F0}.Release|Any CPU.ActiveCfg = Release|Any CPU
		{CB9D53B6-6B88-4AD7-B3AA-A8536860A7F0}.Release|Any CPU.Build.0 = Release|Any CPU
	EndGlobalSection
	GlobalSection(SolutionProperties) = preSolution
		HideSolutionNode = FALSE
	EndGlobalSection
	GlobalSection(ExtensibilityGlobals) = postSolution
		SolutionGuid = {EF639C79-97DD-4878-A08D-72557D270A18}
	EndGlobalSection
EndGlobal
