
Microsoft Visual Studio Solution File, Format Version 12.00
# Visual Studio 15
VisualStudioVersion = 15.0.26730.16
MinimumVisualStudioVersion = 10.0.40219.1
Project("{FAE04EC0-301F-11D3-BF4B-00C04F79EFBC}") = "table-parser.Test", "table-parser.Test.csproj", "{90C35FE4-60F9-42CE-8FC9-0C80265BAA14}"
EndProject
Global
	GlobalSection(SolutionConfigurationPlatforms) = preSolution
		Debug|Any CPU = Debug|Any CPU
		Release|Any CPU = Release|Any CPU
	EndGlobalSection
	GlobalSection(ProjectConfigurationPlatforms) = postSolution
		{90C35FE4-60F9-42CE-8FC9-0C80265BAA14}.Debug|Any CPU.ActiveCfg = Debug|Any CPU
		{90C35FE4-60F9-42CE-8FC9-0C80265BAA14}.Debug|Any CPU.Build.0 = Debug|Any CPU
		{90C35FE4-60F9-42CE-8FC9-0C80265BAA14}.Release|Any CPU.ActiveCfg = Release|Any CPU
		{90C35FE4-60F9-42CE-8FC9-0C80265BAA14}.Release|Any CPU.Build.0 = Release|Any CPU
	EndGlobalSection
	GlobalSection(SolutionProperties) = preSolution
		HideSolutionNode = FALSE
	EndGlobalSection
	GlobalSection(ExtensibilityGlobals) = postSolution
		SolutionGuid = {8E1498B6-276A-4AEA-A171-364A68DECD97}
	EndGlobalSection
EndGlobal
