
Microsoft Visual Studio Solution File, Format Version 12.00
# Visual Studio 15
VisualStudioVersion = 15.0.26730.12
MinimumVisualStudioVersion = 10.0.40219.1
Project("{FAE04EC0-301F-11D3-BF4B-00C04F79EFBC}") = "Dungeon", "Dungeon.csproj", "{43F8755B-EA9D-4536-9BDE-609CFDA1D134}"
EndProject
Global
	GlobalSection(SolutionConfigurationPlatforms) = preSolution
		Debug|Any CPU = Debug|Any CPU
		Release|Any CPU = Release|Any CPU
	EndGlobalSection
	GlobalSection(ProjectConfigurationPlatforms) = postSolution
		{43F8755B-EA9D-4536-9BDE-609CFDA1D134}.Debug|Any CPU.ActiveCfg = Debug|Any CPU
		{43F8755B-EA9D-4536-9BDE-609CFDA1D134}.Debug|Any CPU.Build.0 = Debug|Any CPU
		{43F8755B-EA9D-4536-9BDE-609CFDA1D134}.Release|Any CPU.ActiveCfg = Release|Any CPU
		{43F8755B-EA9D-4536-9BDE-609CFDA1D134}.Release|Any CPU.Build.0 = Release|Any CPU
	EndGlobalSection
	GlobalSection(SolutionProperties) = preSolution
		HideSolutionNode = FALSE
	EndGlobalSection
	GlobalSection(ExtensibilityGlobals) = postSolution
		SolutionGuid = {B73AA6D4-9FEB-4973-B6F1-E9C8B1B0FE43}
	EndGlobalSection
EndGlobal
